
Microsoft Visual Studio Solution File, Format Version 12.00
# Visual Studio Version 16
VisualStudioVersion = 16.0.29111.141
MinimumVisualStudioVersion = 10.0.40219.1
Project("{FAE04EC0-301F-11D3-BF4B-00C04F79EFBC}") = "SCME.LOGGER", "SCME.Logger\SCME.LOGGER.csproj", "{CDEE465E-8961-4D91-92FC-DA2615683951}"
EndProject
Project("{FAE04EC0-301F-11D3-BF4B-00C04F79EFBC}") = "SCME.DatabaseServer", "SCME.DatabaseServer\SCME.DatabaseServer.csproj", "{BE84DBF0-940B-4F96-B4AE-D1744FB5032E}"
EndProject
Project("{9A19103F-16F7-4668-BE54-9A1E7A4F7556}") = "SCME.Types", "SCME.Types\SCME.Types.csproj", "{64A797CF-B3B6-41EE-8598-F6BB07A59B17}"
EndProject
Project("{9A19103F-16F7-4668-BE54-9A1E7A4F7556}") = "SCME.InterfaceImplementations", "SCME.InterfaceImplementations\SCME.InterfaceImplementations.csproj", "{7734FC01-1628-4343-91DE-C9902563AEA2}"
EndProject
Project("{9A19103F-16F7-4668-BE54-9A1E7A4F7556}") = "SCME.WpfControlLibrary", "SCME.WpfControlLibrary\SCME.WpfControlLibrary.csproj", "{CA5C0827-9119-4288-9DE3-4B464121BFCE}"
EndProject
Project("{9A19103F-16F7-4668-BE54-9A1E7A4F7556}") = "SCME.ProfileBuilder", "SCME.ProfileBuilder\SCME.ProfileBuilder.csproj", "{0EC33C36-CB54-4944-9CF0-2089A5D4EA4A}"
EndProject
Project("{9A19103F-16F7-4668-BE54-9A1E7A4F7556}") = "SCME.UI", "SCME.UI\SCME.UI.csproj", "{AC4A1372-FAF8-4ECB-B826-772E4EB06CB2}"
EndProject
Project("{FAE04EC0-301F-11D3-BF4B-00C04F79EFBC}") = "SCME.SERVICE", "SCME.Service\SCME.SERVICE.csproj", "{639B3BBE-C4E7-4036-AE98-7C70A69C23E5}"
EndProject
Global
	GlobalSection(SolutionConfigurationPlatforms) = preSolution
		Debug|Any CPU = Debug|Any CPU
		Debug|x86 = Debug|x86
		PB|Any CPU = PB|Any CPU
		PB|x86 = PB|x86
		Release|Any CPU = Release|Any CPU
		Release|x86 = Release|x86
	EndGlobalSection
	GlobalSection(ProjectConfigurationPlatforms) = postSolution
		{CDEE465E-8961-4D91-92FC-DA2615683951}.Debug|Any CPU.ActiveCfg = Debug|Any CPU
		{CDEE465E-8961-4D91-92FC-DA2615683951}.Debug|Any CPU.Build.0 = Debug|Any CPU
		{CDEE465E-8961-4D91-92FC-DA2615683951}.Debug|x86.ActiveCfg = Debug|x86
		{CDEE465E-8961-4D91-92FC-DA2615683951}.Debug|x86.Build.0 = Debug|x86
		{CDEE465E-8961-4D91-92FC-DA2615683951}.PB|Any CPU.ActiveCfg = PB|Any CPU
		{CDEE465E-8961-4D91-92FC-DA2615683951}.PB|Any CPU.Build.0 = PB|Any CPU
		{CDEE465E-8961-4D91-92FC-DA2615683951}.PB|x86.ActiveCfg = PB|x86
		{CDEE465E-8961-4D91-92FC-DA2615683951}.PB|x86.Build.0 = PB|x86
		{CDEE465E-8961-4D91-92FC-DA2615683951}.Release|Any CPU.ActiveCfg = Release|Any CPU
		{CDEE465E-8961-4D91-92FC-DA2615683951}.Release|Any CPU.Build.0 = Release|Any CPU
		{CDEE465E-8961-4D91-92FC-DA2615683951}.Release|x86.ActiveCfg = Release|x86
		{CDEE465E-8961-4D91-92FC-DA2615683951}.Release|x86.Build.0 = Release|x86
		{BE84DBF0-940B-4F96-B4AE-D1744FB5032E}.Debug|Any CPU.ActiveCfg = Debug|Any CPU
		{BE84DBF0-940B-4F96-B4AE-D1744FB5032E}.Debug|Any CPU.Build.0 = Debug|Any CPU
		{BE84DBF0-940B-4F96-B4AE-D1744FB5032E}.Debug|x86.ActiveCfg = Debug|x86
		{BE84DBF0-940B-4F96-B4AE-D1744FB5032E}.Debug|x86.Build.0 = Debug|x86
		{BE84DBF0-940B-4F96-B4AE-D1744FB5032E}.PB|Any CPU.ActiveCfg = PB|Any CPU
		{BE84DBF0-940B-4F96-B4AE-D1744FB5032E}.PB|Any CPU.Build.0 = PB|Any CPU
		{BE84DBF0-940B-4F96-B4AE-D1744FB5032E}.PB|x86.ActiveCfg = PB|x86
		{BE84DBF0-940B-4F96-B4AE-D1744FB5032E}.PB|x86.Build.0 = PB|x86
		{BE84DBF0-940B-4F96-B4AE-D1744FB5032E}.Release|Any CPU.ActiveCfg = Release|Any CPU
		{BE84DBF0-940B-4F96-B4AE-D1744FB5032E}.Release|Any CPU.Build.0 = Release|Any CPU
		{BE84DBF0-940B-4F96-B4AE-D1744FB5032E}.Release|x86.ActiveCfg = Release|x86
		{BE84DBF0-940B-4F96-B4AE-D1744FB5032E}.Release|x86.Build.0 = Release|x86
		{64A797CF-B3B6-41EE-8598-F6BB07A59B17}.Debug|Any CPU.ActiveCfg = Debug|Any CPU
		{64A797CF-B3B6-41EE-8598-F6BB07A59B17}.Debug|Any CPU.Build.0 = Debug|Any CPU
		{64A797CF-B3B6-41EE-8598-F6BB07A59B17}.Debug|x86.ActiveCfg = Debug|Any CPU
		{64A797CF-B3B6-41EE-8598-F6BB07A59B17}.Debug|x86.Build.0 = Debug|Any CPU
		{64A797CF-B3B6-41EE-8598-F6BB07A59B17}.PB|Any CPU.ActiveCfg = Debug|Any CPU
		{64A797CF-B3B6-41EE-8598-F6BB07A59B17}.PB|Any CPU.Build.0 = Debug|Any CPU
		{64A797CF-B3B6-41EE-8598-F6BB07A59B17}.PB|x86.ActiveCfg = Debug|Any CPU
		{64A797CF-B3B6-41EE-8598-F6BB07A59B17}.PB|x86.Build.0 = Debug|Any CPU
		{64A797CF-B3B6-41EE-8598-F6BB07A59B17}.Release|Any CPU.ActiveCfg = Release|Any CPU
		{64A797CF-B3B6-41EE-8598-F6BB07A59B17}.Release|Any CPU.Build.0 = Release|Any CPU
		{64A797CF-B3B6-41EE-8598-F6BB07A59B17}.Release|x86.ActiveCfg = Release|Any CPU
		{64A797CF-B3B6-41EE-8598-F6BB07A59B17}.Release|x86.Build.0 = Release|Any CPU
		{7734FC01-1628-4343-91DE-C9902563AEA2}.Debug|Any CPU.ActiveCfg = Debug|Any CPU
		{7734FC01-1628-4343-91DE-C9902563AEA2}.Debug|Any CPU.Build.0 = Debug|Any CPU
		{7734FC01-1628-4343-91DE-C9902563AEA2}.Debug|x86.ActiveCfg = Debug|Any CPU
		{7734FC01-1628-4343-91DE-C9902563AEA2}.Debug|x86.Build.0 = Debug|Any CPU
		{7734FC01-1628-4343-91DE-C9902563AEA2}.PB|Any CPU.ActiveCfg = Debug|Any CPU
		{7734FC01-1628-4343-91DE-C9902563AEA2}.PB|Any CPU.Build.0 = Debug|Any CPU
		{7734FC01-1628-4343-91DE-C9902563AEA2}.PB|x86.ActiveCfg = Debug|Any CPU
		{7734FC01-1628-4343-91DE-C9902563AEA2}.PB|x86.Build.0 = Debug|Any CPU
		{7734FC01-1628-4343-91DE-C9902563AEA2}.Release|Any CPU.ActiveCfg = Release|Any CPU
		{7734FC01-1628-4343-91DE-C9902563AEA2}.Release|Any CPU.Build.0 = Release|Any CPU
		{7734FC01-1628-4343-91DE-C9902563AEA2}.Release|x86.ActiveCfg = Release|Any CPU
		{7734FC01-1628-4343-91DE-C9902563AEA2}.Release|x86.Build.0 = Release|Any CPU
		{CA5C0827-9119-4288-9DE3-4B464121BFCE}.Debug|Any CPU.ActiveCfg = Debug|Any CPU
		{CA5C0827-9119-4288-9DE3-4B464121BFCE}.Debug|Any CPU.Build.0 = Debug|Any CPU
		{CA5C0827-9119-4288-9DE3-4B464121BFCE}.Debug|x86.ActiveCfg = Debug|Any CPU
		{CA5C0827-9119-4288-9DE3-4B464121BFCE}.Debug|x86.Build.0 = Debug|Any CPU
		{CA5C0827-9119-4288-9DE3-4B464121BFCE}.PB|Any CPU.ActiveCfg = Debug|Any CPU
		{CA5C0827-9119-4288-9DE3-4B464121BFCE}.PB|Any CPU.Build.0 = Debug|Any CPU
		{CA5C0827-9119-4288-9DE3-4B464121BFCE}.PB|x86.ActiveCfg = Debug|Any CPU
		{CA5C0827-9119-4288-9DE3-4B464121BFCE}.PB|x86.Build.0 = Debug|Any CPU
		{CA5C0827-9119-4288-9DE3-4B464121BFCE}.Release|Any CPU.ActiveCfg = Release|Any CPU
		{CA5C0827-9119-4288-9DE3-4B464121BFCE}.Release|Any CPU.Build.0 = Release|Any CPU
		{CA5C0827-9119-4288-9DE3-4B464121BFCE}.Release|x86.ActiveCfg = Release|Any CPU
		{CA5C0827-9119-4288-9DE3-4B464121BFCE}.Release|x86.Build.0 = Release|Any CPU
		{0EC33C36-CB54-4944-9CF0-2089A5D4EA4A}.Debug|Any CPU.ActiveCfg = Debug|Any CPU
		{0EC33C36-CB54-4944-9CF0-2089A5D4EA4A}.Debug|Any CPU.Build.0 = Debug|Any CPU
		{0EC33C36-CB54-4944-9CF0-2089A5D4EA4A}.Debug|x86.ActiveCfg = Debug|Any CPU
		{0EC33C36-CB54-4944-9CF0-2089A5D4EA4A}.Debug|x86.Build.0 = Debug|Any CPU
		{0EC33C36-CB54-4944-9CF0-2089A5D4EA4A}.PB|Any CPU.ActiveCfg = Debug|Any CPU
		{0EC33C36-CB54-4944-9CF0-2089A5D4EA4A}.PB|Any CPU.Build.0 = Debug|Any CPU
		{0EC33C36-CB54-4944-9CF0-2089A5D4EA4A}.PB|x86.ActiveCfg = Debug|Any CPU
		{0EC33C36-CB54-4944-9CF0-2089A5D4EA4A}.PB|x86.Build.0 = Debug|Any CPU
		{0EC33C36-CB54-4944-9CF0-2089A5D4EA4A}.Release|Any CPU.ActiveCfg = Release|Any CPU
		{0EC33C36-CB54-4944-9CF0-2089A5D4EA4A}.Release|Any CPU.Build.0 = Release|Any CPU
		{0EC33C36-CB54-4944-9CF0-2089A5D4EA4A}.Release|x86.ActiveCfg = Release|Any CPU
		{0EC33C36-CB54-4944-9CF0-2089A5D4EA4A}.Release|x86.Build.0 = Release|Any CPU
		{AC4A1372-FAF8-4ECB-B826-772E4EB06CB2}.Debug|Any CPU.ActiveCfg = Debug|Any CPU
		{AC4A1372-FAF8-4ECB-B826-772E4EB06CB2}.Debug|Any CPU.Build.0 = Debug|Any CPU
		{AC4A1372-FAF8-4ECB-B826-772E4EB06CB2}.Debug|x86.ActiveCfg = Debug|Any CPU
		{AC4A1372-FAF8-4ECB-B826-772E4EB06CB2}.Debug|x86.Build.0 = Debug|Any CPU
		{AC4A1372-FAF8-4ECB-B826-772E4EB06CB2}.PB|Any CPU.ActiveCfg = Debug|Any CPU
		{AC4A1372-FAF8-4ECB-B826-772E4EB06CB2}.PB|Any CPU.Build.0 = Debug|Any CPU
		{AC4A1372-FAF8-4ECB-B826-772E4EB06CB2}.PB|x86.ActiveCfg = Debug|Any CPU
		{AC4A1372-FAF8-4ECB-B826-772E4EB06CB2}.PB|x86.Build.0 = Debug|Any CPU
		{AC4A1372-FAF8-4ECB-B826-772E4EB06CB2}.Release|Any CPU.ActiveCfg = Release|Any CPU
		{AC4A1372-FAF8-4ECB-B826-772E4EB06CB2}.Release|Any CPU.Build.0 = Release|Any CPU
		{AC4A1372-FAF8-4ECB-B826-772E4EB06CB2}.Release|x86.ActiveCfg = Release|Any CPU
		{AC4A1372-FAF8-4ECB-B826-772E4EB06CB2}.Release|x86.Build.0 = Release|Any CPU
		{639B3BBE-C4E7-4036-AE98-7C70A69C23E5}.Debug|Any CPU.ActiveCfg = Debug|Any CPU
		{639B3BBE-C4E7-4036-AE98-7C70A69C23E5}.Debug|Any CPU.Build.0 = Debug|Any CPU
		{639B3BBE-C4E7-4036-AE98-7C70A69C23E5}.Debug|x86.ActiveCfg = Debug|x86
		{639B3BBE-C4E7-4036-AE98-7C70A69C23E5}.Debug|x86.Build.0 = Debug|x86
		{639B3BBE-C4E7-4036-AE98-7C70A69C23E5}.PB|Any CPU.ActiveCfg = PB|Any CPU
		{639B3BBE-C4E7-4036-AE98-7C70A69C23E5}.PB|Any CPU.Build.0 = PB|Any CPU
		{639B3BBE-C4E7-4036-AE98-7C70A69C23E5}.PB|x86.ActiveCfg = PB|x86
		{639B3BBE-C4E7-4036-AE98-7C70A69C23E5}.PB|x86.Build.0 = PB|x86
		{639B3BBE-C4E7-4036-AE98-7C70A69C23E5}.Release|Any CPU.ActiveCfg = Release|Any CPU
		{639B3BBE-C4E7-4036-AE98-7C70A69C23E5}.Release|Any CPU.Build.0 = Release|Any CPU
		{639B3BBE-C4E7-4036-AE98-7C70A69C23E5}.Release|x86.ActiveCfg = Release|x86
		{639B3BBE-C4E7-4036-AE98-7C70A69C23E5}.Release|x86.Build.0 = Release|x86
	EndGlobalSection
	GlobalSection(SolutionProperties) = preSolution
		HideSolutionNode = FALSE
	EndGlobalSection
	GlobalSection(ExtensibilityGlobals) = postSolution
		SolutionGuid = {77477796-2B95-465F-907E-9286C65A034C}
	EndGlobalSection
EndGlobal
