
Microsoft Visual Studio Solution File, Format Version 12.00
# Visual Studio Express 14 for Windows Desktop
VisualStudioVersion = 14.0.25420.1
MinimumVisualStudioVersion = 10.0.40219.1
Project("{FAE04EC0-301F-11D3-BF4B-00C04F79EFBC}") = "SCME.UI", "SCME.UI\SCME.UI.csproj", "{5B6A0272-3918-4896-A66C-8F8A5BE6375E}"
	ProjectSection(ProjectDependencies) = postProject
		{AF537BDD-6460-4CCA-B894-ADDED01E6B94} = {AF537BDD-6460-4CCA-B894-ADDED01E6B94}
	EndProjectSection
EndProject
Project("{FAE04EC0-301F-11D3-BF4B-00C04F79EFBC}") = "SCME.Types", "SCME.TYPES\SCME.Types.csproj", "{AF537BDD-6460-4CCA-B894-ADDED01E6B94}"
EndProject
Project("{FAE04EC0-301F-11D3-BF4B-00C04F79EFBC}") = "SCME.Service", "SCME.SERVICE\SCME.Service.csproj", "{639B3BBE-C4E7-4036-AE98-7C70A69C23E5}"
	ProjectSection(ProjectDependencies) = postProject
		{AF537BDD-6460-4CCA-B894-ADDED01E6B94} = {AF537BDD-6460-4CCA-B894-ADDED01E6B94}
	EndProjectSection
EndProject
Project("{FAE04EC0-301F-11D3-BF4B-00C04F79EFBC}") = "SCME.Logger", "SCME.LOGGER\SCME.Logger.csproj", "{CDEE465E-8961-4D91-92FC-DA2615683951}"
EndProject
Project("{FAE04EC0-301F-11D3-BF4B-00C04F79EFBC}") = "SCME.Agent", "SCME.Agent\SCME.Agent.csproj", "{23B7149E-3F45-4D40-BE6F-1B6F031A0FB6}"
EndProject
Project("{FAE04EC0-301F-11D3-BF4B-00C04F79EFBC}") = "SCME.InterfaceImplementations", "SCME.InterfaceImplementations\SCME.InterfaceImplementations.csproj", "{41FAD811-1A7A-4AC2-95E8-6195F905E1C6}"
EndProject
Project("{FAE04EC0-301F-11D3-BF4B-00C04F79EFBC}") = "SCME.ProfileBuilder", "SCME.ProfileBuilder\SCME.ProfileBuilder.csproj", "{A708F25E-9EC4-4FD6-9593-E13DC0D4A7B3}"
EndProject
Project("{FAE04EC0-301F-11D3-BF4B-00C04F79EFBC}") = "SCME.UI.SCTU", "SCME.UI.SCTU\SCME.UI.SCTU.csproj", "{A0D5D68F-7C46-413A-8B39-C8D92A0831FC}"
EndProject
Project("{FAE04EC0-301F-11D3-BF4B-00C04F79EFBC}") = "SCME.SQLDatabaseManager", "SCME.SQLDatabaseManager\SCME.SQLDatabaseManager.csproj", "{A1470077-FE25-4453-9F78-0BC2EE5FE024}"
EndProject
Project("{FAE04EC0-301F-11D3-BF4B-00C04F79EFBC}") = "SCME.DatabaseManager", "SCME.DatabaseManager\SCME.DatabaseManager.csproj", "{9FE5ECDC-AD1D-43B5-A452-D1739C71AD56}"
EndProject
Project("{FAE04EC0-301F-11D3-BF4B-00C04F79EFBC}") = "SCME.SQLDatabaseClient", "SCME.SQLDatabaseClient\SCME.SQLDatabaseClient.csproj", "{48620FC9-598E-4DAC-B66F-0858269A48C1}"
EndProject
Project("{FAE04EC0-301F-11D3-BF4B-00C04F79EFBC}") = "SCME.DatabaseServer", "SCME.DatabaseServer\SCME.DatabaseServer.csproj", "{BE84DBF0-940B-4F96-B4AE-D1744FB5032E}"
EndProject
Project("{FAE04EC0-301F-11D3-BF4B-00C04F79EFBC}") = "SCME.dbViewer", "SCME.dbViewer\SCME.dbViewer.csproj", "{5D858B2C-EBF8-4072-87D2-337DCFF02D42}"
EndProject
Project("{FAE04EC0-301F-11D3-BF4B-00C04F79EFBC}") = "SCME.Linker", "SCME.Linker\SCME.Linker.csproj", "{A75C71F9-539E-4C8C-83EA-489B3E6050CB}"
EndProject
Global
	GlobalSection(SolutionConfigurationPlatforms) = preSolution
		Debug|Any CPU = Debug|Any CPU
		Debug|x86 = Debug|x86
		Release|Any CPU = Release|Any CPU
		Release|x86 = Release|x86
	EndGlobalSection
	GlobalSection(ProjectConfigurationPlatforms) = postSolution
		{5B6A0272-3918-4896-A66C-8F8A5BE6375E}.Debug|Any CPU.ActiveCfg = Debug|Any CPU
		{5B6A0272-3918-4896-A66C-8F8A5BE6375E}.Debug|Any CPU.Build.0 = Debug|Any CPU
		{5B6A0272-3918-4896-A66C-8F8A5BE6375E}.Debug|x86.ActiveCfg = Debug|x86
		{5B6A0272-3918-4896-A66C-8F8A5BE6375E}.Debug|x86.Build.0 = Debug|x86
		{5B6A0272-3918-4896-A66C-8F8A5BE6375E}.Release|Any CPU.ActiveCfg = Release|Any CPU
		{5B6A0272-3918-4896-A66C-8F8A5BE6375E}.Release|Any CPU.Build.0 = Release|Any CPU
		{5B6A0272-3918-4896-A66C-8F8A5BE6375E}.Release|x86.ActiveCfg = Release|x86
		{5B6A0272-3918-4896-A66C-8F8A5BE6375E}.Release|x86.Build.0 = Release|x86
		{AF537BDD-6460-4CCA-B894-ADDED01E6B94}.Debug|Any CPU.ActiveCfg = Debug|Any CPU
		{AF537BDD-6460-4CCA-B894-ADDED01E6B94}.Debug|Any CPU.Build.0 = Debug|Any CPU
		{AF537BDD-6460-4CCA-B894-ADDED01E6B94}.Debug|x86.ActiveCfg = Debug|x86
		{AF537BDD-6460-4CCA-B894-ADDED01E6B94}.Debug|x86.Build.0 = Debug|x86
		{AF537BDD-6460-4CCA-B894-ADDED01E6B94}.Release|Any CPU.ActiveCfg = Release|Any CPU
		{AF537BDD-6460-4CCA-B894-ADDED01E6B94}.Release|Any CPU.Build.0 = Release|Any CPU
		{AF537BDD-6460-4CCA-B894-ADDED01E6B94}.Release|x86.ActiveCfg = Release|x86
		{AF537BDD-6460-4CCA-B894-ADDED01E6B94}.Release|x86.Build.0 = Release|x86
		{639B3BBE-C4E7-4036-AE98-7C70A69C23E5}.Debug|Any CPU.ActiveCfg = Debug|Any CPU
		{639B3BBE-C4E7-4036-AE98-7C70A69C23E5}.Debug|Any CPU.Build.0 = Debug|Any CPU
		{639B3BBE-C4E7-4036-AE98-7C70A69C23E5}.Debug|x86.ActiveCfg = Debug|x86
		{639B3BBE-C4E7-4036-AE98-7C70A69C23E5}.Debug|x86.Build.0 = Debug|x86
		{639B3BBE-C4E7-4036-AE98-7C70A69C23E5}.Release|Any CPU.ActiveCfg = Release|Any CPU
		{639B3BBE-C4E7-4036-AE98-7C70A69C23E5}.Release|Any CPU.Build.0 = Release|Any CPU
		{639B3BBE-C4E7-4036-AE98-7C70A69C23E5}.Release|x86.ActiveCfg = Release|x86
		{639B3BBE-C4E7-4036-AE98-7C70A69C23E5}.Release|x86.Build.0 = Release|x86
		{CDEE465E-8961-4D91-92FC-DA2615683951}.Debug|Any CPU.ActiveCfg = Debug|Any CPU
		{CDEE465E-8961-4D91-92FC-DA2615683951}.Debug|Any CPU.Build.0 = Debug|Any CPU
		{CDEE465E-8961-4D91-92FC-DA2615683951}.Debug|x86.ActiveCfg = Debug|x86
		{CDEE465E-8961-4D91-92FC-DA2615683951}.Debug|x86.Build.0 = Debug|x86
		{CDEE465E-8961-4D91-92FC-DA2615683951}.Release|Any CPU.ActiveCfg = Release|Any CPU
		{CDEE465E-8961-4D91-92FC-DA2615683951}.Release|Any CPU.Build.0 = Release|Any CPU
		{CDEE465E-8961-4D91-92FC-DA2615683951}.Release|x86.ActiveCfg = Release|x86
		{CDEE465E-8961-4D91-92FC-DA2615683951}.Release|x86.Build.0 = Release|x86
		{23B7149E-3F45-4D40-BE6F-1B6F031A0FB6}.Debug|Any CPU.ActiveCfg = Debug|Any CPU
		{23B7149E-3F45-4D40-BE6F-1B6F031A0FB6}.Debug|Any CPU.Build.0 = Debug|Any CPU
		{23B7149E-3F45-4D40-BE6F-1B6F031A0FB6}.Debug|x86.ActiveCfg = Debug|x86
		{23B7149E-3F45-4D40-BE6F-1B6F031A0FB6}.Debug|x86.Build.0 = Debug|x86
		{23B7149E-3F45-4D40-BE6F-1B6F031A0FB6}.Release|Any CPU.ActiveCfg = Release|Any CPU
		{23B7149E-3F45-4D40-BE6F-1B6F031A0FB6}.Release|Any CPU.Build.0 = Release|Any CPU
		{23B7149E-3F45-4D40-BE6F-1B6F031A0FB6}.Release|x86.ActiveCfg = Release|x86
		{23B7149E-3F45-4D40-BE6F-1B6F031A0FB6}.Release|x86.Build.0 = Release|x86
		{41FAD811-1A7A-4AC2-95E8-6195F905E1C6}.Debug|Any CPU.ActiveCfg = Debug|Any CPU
		{41FAD811-1A7A-4AC2-95E8-6195F905E1C6}.Debug|Any CPU.Build.0 = Debug|Any CPU
		{41FAD811-1A7A-4AC2-95E8-6195F905E1C6}.Debug|x86.ActiveCfg = Debug|x86
		{41FAD811-1A7A-4AC2-95E8-6195F905E1C6}.Debug|x86.Build.0 = Debug|x86
		{41FAD811-1A7A-4AC2-95E8-6195F905E1C6}.Release|Any CPU.ActiveCfg = Release|Any CPU
		{41FAD811-1A7A-4AC2-95E8-6195F905E1C6}.Release|Any CPU.Build.0 = Release|Any CPU
		{41FAD811-1A7A-4AC2-95E8-6195F905E1C6}.Release|x86.ActiveCfg = Release|x86
		{41FAD811-1A7A-4AC2-95E8-6195F905E1C6}.Release|x86.Build.0 = Release|x86
		{A708F25E-9EC4-4FD6-9593-E13DC0D4A7B3}.Debug|Any CPU.ActiveCfg = Debug|Any CPU
		{A708F25E-9EC4-4FD6-9593-E13DC0D4A7B3}.Debug|Any CPU.Build.0 = Debug|Any CPU
		{A708F25E-9EC4-4FD6-9593-E13DC0D4A7B3}.Debug|x86.ActiveCfg = Debug|x86
		{A708F25E-9EC4-4FD6-9593-E13DC0D4A7B3}.Debug|x86.Build.0 = Debug|x86
		{A708F25E-9EC4-4FD6-9593-E13DC0D4A7B3}.Release|Any CPU.ActiveCfg = Release|Any CPU
		{A708F25E-9EC4-4FD6-9593-E13DC0D4A7B3}.Release|Any CPU.Build.0 = Release|Any CPU
		{A708F25E-9EC4-4FD6-9593-E13DC0D4A7B3}.Release|x86.ActiveCfg = Release|x86
		{A708F25E-9EC4-4FD6-9593-E13DC0D4A7B3}.Release|x86.Build.0 = Release|x86
		{A0D5D68F-7C46-413A-8B39-C8D92A0831FC}.Debug|Any CPU.ActiveCfg = Debug|Any CPU
		{A0D5D68F-7C46-413A-8B39-C8D92A0831FC}.Debug|x86.ActiveCfg = Debug|x86
		{A0D5D68F-7C46-413A-8B39-C8D92A0831FC}.Debug|x86.Build.0 = Debug|x86
		{A0D5D68F-7C46-413A-8B39-C8D92A0831FC}.Release|Any CPU.ActiveCfg = Release|Any CPU
		{A0D5D68F-7C46-413A-8B39-C8D92A0831FC}.Release|x86.ActiveCfg = Release|x86
		{A0D5D68F-7C46-413A-8B39-C8D92A0831FC}.Release|x86.Build.0 = Release|x86
		{A1470077-FE25-4453-9F78-0BC2EE5FE024}.Debug|Any CPU.ActiveCfg = Debug|Any CPU
		{A1470077-FE25-4453-9F78-0BC2EE5FE024}.Debug|Any CPU.Build.0 = Debug|Any CPU
		{A1470077-FE25-4453-9F78-0BC2EE5FE024}.Debug|x86.ActiveCfg = Debug|x86
		{A1470077-FE25-4453-9F78-0BC2EE5FE024}.Debug|x86.Build.0 = Debug|x86
		{A1470077-FE25-4453-9F78-0BC2EE5FE024}.Release|Any CPU.ActiveCfg = Release|Any CPU
		{A1470077-FE25-4453-9F78-0BC2EE5FE024}.Release|Any CPU.Build.0 = Release|Any CPU
		{A1470077-FE25-4453-9F78-0BC2EE5FE024}.Release|x86.ActiveCfg = Release|x86
		{A1470077-FE25-4453-9F78-0BC2EE5FE024}.Release|x86.Build.0 = Release|x86
		{9FE5ECDC-AD1D-43B5-A452-D1739C71AD56}.Debug|Any CPU.ActiveCfg = Debug|Any CPU
		{9FE5ECDC-AD1D-43B5-A452-D1739C71AD56}.Debug|Any CPU.Build.0 = Debug|Any CPU
		{9FE5ECDC-AD1D-43B5-A452-D1739C71AD56}.Debug|x86.ActiveCfg = Debug|x86
		{9FE5ECDC-AD1D-43B5-A452-D1739C71AD56}.Debug|x86.Build.0 = Debug|x86
		{9FE5ECDC-AD1D-43B5-A452-D1739C71AD56}.Release|Any CPU.ActiveCfg = Release|Any CPU
		{9FE5ECDC-AD1D-43B5-A452-D1739C71AD56}.Release|Any CPU.Build.0 = Release|Any CPU
		{9FE5ECDC-AD1D-43B5-A452-D1739C71AD56}.Release|x86.ActiveCfg = Release|x86
		{9FE5ECDC-AD1D-43B5-A452-D1739C71AD56}.Release|x86.Build.0 = Release|x86
		{48620FC9-598E-4DAC-B66F-0858269A48C1}.Debug|Any CPU.ActiveCfg = Debug|Any CPU
		{48620FC9-598E-4DAC-B66F-0858269A48C1}.Debug|Any CPU.Build.0 = Debug|Any CPU
		{48620FC9-598E-4DAC-B66F-0858269A48C1}.Debug|x86.ActiveCfg = Debug|Any CPU
		{48620FC9-598E-4DAC-B66F-0858269A48C1}.Debug|x86.Build.0 = Debug|Any CPU
		{48620FC9-598E-4DAC-B66F-0858269A48C1}.Release|Any CPU.ActiveCfg = Release|Any CPU
		{48620FC9-598E-4DAC-B66F-0858269A48C1}.Release|Any CPU.Build.0 = Release|Any CPU
		{48620FC9-598E-4DAC-B66F-0858269A48C1}.Release|x86.ActiveCfg = Release|Any CPU
		{48620FC9-598E-4DAC-B66F-0858269A48C1}.Release|x86.Build.0 = Release|Any CPU
		{BE84DBF0-940B-4F96-B4AE-D1744FB5032E}.Debug|Any CPU.ActiveCfg = Debug|Any CPU
		{BE84DBF0-940B-4F96-B4AE-D1744FB5032E}.Debug|Any CPU.Build.0 = Debug|Any CPU
		{BE84DBF0-940B-4F96-B4AE-D1744FB5032E}.Debug|x86.ActiveCfg = Debug|x86
		{BE84DBF0-940B-4F96-B4AE-D1744FB5032E}.Debug|x86.Build.0 = Debug|x86
		{BE84DBF0-940B-4F96-B4AE-D1744FB5032E}.Release|Any CPU.ActiveCfg = Release|Any CPU
		{BE84DBF0-940B-4F96-B4AE-D1744FB5032E}.Release|Any CPU.Build.0 = Release|Any CPU
		{BE84DBF0-940B-4F96-B4AE-D1744FB5032E}.Release|x86.ActiveCfg = Release|Any CPU
		{BE84DBF0-940B-4F96-B4AE-D1744FB5032E}.Release|x86.Build.0 = Release|Any CPU
		{5D858B2C-EBF8-4072-87D2-337DCFF02D42}.Debug|Any CPU.ActiveCfg = Debug|Any CPU
		{5D858B2C-EBF8-4072-87D2-337DCFF02D42}.Debug|Any CPU.Build.0 = Debug|Any CPU
		{5D858B2C-EBF8-4072-87D2-337DCFF02D42}.Debug|x86.ActiveCfg = Debug|Any CPU
		{5D858B2C-EBF8-4072-87D2-337DCFF02D42}.Debug|x86.Build.0 = Debug|Any CPU
		{5D858B2C-EBF8-4072-87D2-337DCFF02D42}.Release|Any CPU.ActiveCfg = Release|Any CPU
		{5D858B2C-EBF8-4072-87D2-337DCFF02D42}.Release|Any CPU.Build.0 = Release|Any CPU
		{5D858B2C-EBF8-4072-87D2-337DCFF02D42}.Release|x86.ActiveCfg = Release|Any CPU
		{5D858B2C-EBF8-4072-87D2-337DCFF02D42}.Release|x86.Build.0 = Release|Any CPU
		{A75C71F9-539E-4C8C-83EA-489B3E6050CB}.Debug|Any CPU.ActiveCfg = Debug|Any CPU
		{A75C71F9-539E-4C8C-83EA-489B3E6050CB}.Debug|Any CPU.Build.0 = Debug|Any CPU
		{A75C71F9-539E-4C8C-83EA-489B3E6050CB}.Debug|x86.ActiveCfg = Debug|Any CPU
		{A75C71F9-539E-4C8C-83EA-489B3E6050CB}.Debug|x86.Build.0 = Debug|Any CPU
		{A75C71F9-539E-4C8C-83EA-489B3E6050CB}.Release|Any CPU.ActiveCfg = Release|Any CPU
		{A75C71F9-539E-4C8C-83EA-489B3E6050CB}.Release|Any CPU.Build.0 = Release|Any CPU
		{A75C71F9-539E-4C8C-83EA-489B3E6050CB}.Release|x86.ActiveCfg = Release|Any CPU
		{A75C71F9-539E-4C8C-83EA-489B3E6050CB}.Release|x86.Build.0 = Release|Any CPU
	EndGlobalSection
	GlobalSection(SolutionProperties) = preSolution
		HideSolutionNode = FALSE
	EndGlobalSection
EndGlobal
