
Microsoft Visual Studio Solution File, Format Version 12.00
# Visual Studio Version 16
VisualStudioVersion = 16.0.30309.148
MinimumVisualStudioVersion = 10.0.40219.1
Project("{FAE04EC0-301F-11D3-BF4B-00C04F79EFBC}") = "BaseRepair", "BaseRepair.csproj", "{6ED42F57-394F-4BAE-BEDE-34649922946E}"
EndProject
Global
	GlobalSection(SolutionConfigurationPlatforms) = preSolution
		Debug|Any CPU = Debug|Any CPU
		Release|Any CPU = Release|Any CPU
	EndGlobalSection
	GlobalSection(ProjectConfigurationPlatforms) = postSolution
		{6ED42F57-394F-4BAE-BEDE-34649922946E}.Debug|Any CPU.ActiveCfg = Debug|Any CPU
		{6ED42F57-394F-4BAE-BEDE-34649922946E}.Debug|Any CPU.Build.0 = Debug|Any CPU
		{6ED42F57-394F-4BAE-BEDE-34649922946E}.Release|Any CPU.ActiveCfg = Release|Any CPU
		{6ED42F57-394F-4BAE-BEDE-34649922946E}.Release|Any CPU.Build.0 = Release|Any CPU
	EndGlobalSection
	GlobalSection(SolutionProperties) = preSolution
		HideSolutionNode = FALSE
	EndGlobalSection
	GlobalSection(ExtensibilityGlobals) = postSolution
		SolutionGuid = {0C6D4166-176E-467A-817F-AE4A7564AE7D}
	EndGlobalSection
EndGlobal
