
Microsoft Visual Studio Solution File, Format Version 12.00
# Visual Studio 2013
VisualStudioVersion = 12.0.40629.0
MinimumVisualStudioVersion = 10.0.40219.1
Project("{FAE04EC0-301F-11D3-BF4B-00C04F79EFBC}") = "SCME.UI", "SCME.UI\SCME.UI.csproj", "{5B6A0272-3918-4896-A66C-8F8A5BE6375E}"
	ProjectSection(ProjectDependencies) = postProject
		{AF537BDD-6460-4CCA-B894-ADDED01E6B94} = {AF537BDD-6460-4CCA-B894-ADDED01E6B94}
	EndProjectSection
EndProject
Project("{FAE04EC0-301F-11D3-BF4B-00C04F79EFBC}") = "SCME.Types", "SCME.TYPES\SCME.Types.csproj", "{AF537BDD-6460-4CCA-B894-ADDED01E6B94}"
EndProject
Project("{FAE04EC0-301F-11D3-BF4B-00C04F79EFBC}") = "SCME.Service", "SCME.SERVICE\SCME.Service.csproj", "{639B3BBE-C4E7-4036-AE98-7C70A69C23E5}"
	ProjectSection(ProjectDependencies) = postProject
		{AF537BDD-6460-4CCA-B894-ADDED01E6B94} = {AF537BDD-6460-4CCA-B894-ADDED01E6B94}
	EndProjectSection
EndProject
Project("{FAE04EC0-301F-11D3-BF4B-00C04F79EFBC}") = "SCME.Logger", "SCME.LOGGER\SCME.Logger.csproj", "{CDEE465E-8961-4D91-92FC-DA2615683951}"
EndProject
Project("{FAE04EC0-301F-11D3-BF4B-00C04F79EFBC}") = "SCME.Agent", "SCME.Agent\SCME.Agent.csproj", "{23B7149E-3F45-4D40-BE6F-1B6F031A0FB6}"
EndProject
Project("{FAE04EC0-301F-11D3-BF4B-00C04F79EFBC}") = "SCME.Interfaces", "SCME.Interfaces\SCME.Interfaces.csproj", "{CDCDCED9-25B4-4549-9987-911AA2D9E3FE}"
EndProject
Project("{FAE04EC0-301F-11D3-BF4B-00C04F79EFBC}") = "SCME.Tests", "SCME.Tests\SCME.Tests.csproj", "{427A0425-947C-4C85-AE91-731CAE71B863}"
EndProject
Project("{FAE04EC0-301F-11D3-BF4B-00C04F79EFBC}") = "SCME.InterfaceImplementations", "SCME.InterfaceImplementations\SCME.InterfaceImplementations.csproj", "{41FAD811-1A7A-4AC2-95E8-6195F905E1C6}"
EndProject
Project("{FAE04EC0-301F-11D3-BF4B-00C04F79EFBC}") = "SCME.DatabaseServer", "SCME.DatabaseServer\SCME.DatabaseServer.csproj", "{38C6897D-7AD1-4EA6-BC3B-66332391AFA7}"
EndProject
Project("{FAE04EC0-301F-11D3-BF4B-00C04F79EFBC}") = "SCME.ProfileBuilder", "SCME.ProfileBuilder\SCME.ProfileBuilder.csproj", "{A708F25E-9EC4-4FD6-9593-E13DC0D4A7B3}"
EndProject
Project("{FAE04EC0-301F-11D3-BF4B-00C04F79EFBC}") = "SCME.UI.SCTU", "SCME.UI.SCTU\SCME.UI.SCTU.csproj", "{A0D5D68F-7C46-413A-8B39-C8D92A0831FC}"
EndProject
Global
	GlobalSection(SolutionConfigurationPlatforms) = preSolution
		Debug|Any CPU = Debug|Any CPU
		Debug|Mixed Platforms = Debug|Mixed Platforms
		Debug|x86 = Debug|x86
		Emulation|Any CPU = Emulation|Any CPU
		Emulation|Mixed Platforms = Emulation|Mixed Platforms
		Emulation|x86 = Emulation|x86
		Local|Any CPU = Local|Any CPU
		Local|Mixed Platforms = Local|Mixed Platforms
		Local|x86 = Local|x86
		Release|Any CPU = Release|Any CPU
		Release|Mixed Platforms = Release|Mixed Platforms
		Release|x86 = Release|x86
		Sctu|Any CPU = Sctu|Any CPU
		Sctu|Mixed Platforms = Sctu|Mixed Platforms
		Sctu|x86 = Sctu|x86
	EndGlobalSection
	GlobalSection(ProjectConfigurationPlatforms) = postSolution
		{5B6A0272-3918-4896-A66C-8F8A5BE6375E}.Debug|Any CPU.ActiveCfg = Debug|Any CPU
		{5B6A0272-3918-4896-A66C-8F8A5BE6375E}.Debug|Any CPU.Build.0 = Debug|Any CPU
		{5B6A0272-3918-4896-A66C-8F8A5BE6375E}.Debug|Mixed Platforms.ActiveCfg = Debug|x86
		{5B6A0272-3918-4896-A66C-8F8A5BE6375E}.Debug|Mixed Platforms.Build.0 = Debug|x86
		{5B6A0272-3918-4896-A66C-8F8A5BE6375E}.Debug|x86.ActiveCfg = Debug|x86
		{5B6A0272-3918-4896-A66C-8F8A5BE6375E}.Debug|x86.Build.0 = Debug|x86
		{5B6A0272-3918-4896-A66C-8F8A5BE6375E}.Emulation|Any CPU.ActiveCfg = Emulation|Any CPU
		{5B6A0272-3918-4896-A66C-8F8A5BE6375E}.Emulation|Any CPU.Build.0 = Emulation|Any CPU
		{5B6A0272-3918-4896-A66C-8F8A5BE6375E}.Emulation|Mixed Platforms.ActiveCfg = Emulation|x86
		{5B6A0272-3918-4896-A66C-8F8A5BE6375E}.Emulation|Mixed Platforms.Build.0 = Emulation|x86
		{5B6A0272-3918-4896-A66C-8F8A5BE6375E}.Emulation|x86.ActiveCfg = Emulation|x86
		{5B6A0272-3918-4896-A66C-8F8A5BE6375E}.Emulation|x86.Build.0 = Emulation|x86
		{5B6A0272-3918-4896-A66C-8F8A5BE6375E}.Local|Any CPU.ActiveCfg = Local|Any CPU
		{5B6A0272-3918-4896-A66C-8F8A5BE6375E}.Local|Any CPU.Build.0 = Local|Any CPU
		{5B6A0272-3918-4896-A66C-8F8A5BE6375E}.Local|Mixed Platforms.ActiveCfg = Local|x86
		{5B6A0272-3918-4896-A66C-8F8A5BE6375E}.Local|Mixed Platforms.Build.0 = Local|x86
		{5B6A0272-3918-4896-A66C-8F8A5BE6375E}.Local|x86.ActiveCfg = Local|x86
		{5B6A0272-3918-4896-A66C-8F8A5BE6375E}.Local|x86.Build.0 = Local|x86
		{5B6A0272-3918-4896-A66C-8F8A5BE6375E}.Release|Any CPU.ActiveCfg = Release|Any CPU
		{5B6A0272-3918-4896-A66C-8F8A5BE6375E}.Release|Any CPU.Build.0 = Release|Any CPU
		{5B6A0272-3918-4896-A66C-8F8A5BE6375E}.Release|Mixed Platforms.ActiveCfg = Release|x86
		{5B6A0272-3918-4896-A66C-8F8A5BE6375E}.Release|Mixed Platforms.Build.0 = Release|x86
		{5B6A0272-3918-4896-A66C-8F8A5BE6375E}.Release|x86.ActiveCfg = Release|x86
		{5B6A0272-3918-4896-A66C-8F8A5BE6375E}.Release|x86.Build.0 = Release|x86
		{5B6A0272-3918-4896-A66C-8F8A5BE6375E}.Sctu|Any CPU.ActiveCfg = Sctu|Any CPU
		{5B6A0272-3918-4896-A66C-8F8A5BE6375E}.Sctu|Any CPU.Build.0 = Sctu|Any CPU
		{5B6A0272-3918-4896-A66C-8F8A5BE6375E}.Sctu|Mixed Platforms.ActiveCfg = Sctu|x86
		{5B6A0272-3918-4896-A66C-8F8A5BE6375E}.Sctu|Mixed Platforms.Build.0 = Sctu|x86
		{5B6A0272-3918-4896-A66C-8F8A5BE6375E}.Sctu|x86.ActiveCfg = Sctu|x86
		{AF537BDD-6460-4CCA-B894-ADDED01E6B94}.Debug|Any CPU.ActiveCfg = Debug|Any CPU
		{AF537BDD-6460-4CCA-B894-ADDED01E6B94}.Debug|Any CPU.Build.0 = Debug|Any CPU
		{AF537BDD-6460-4CCA-B894-ADDED01E6B94}.Debug|Mixed Platforms.ActiveCfg = Debug|x86
		{AF537BDD-6460-4CCA-B894-ADDED01E6B94}.Debug|Mixed Platforms.Build.0 = Debug|x86
		{AF537BDD-6460-4CCA-B894-ADDED01E6B94}.Debug|x86.ActiveCfg = Debug|x86
		{AF537BDD-6460-4CCA-B894-ADDED01E6B94}.Debug|x86.Build.0 = Debug|x86
		{AF537BDD-6460-4CCA-B894-ADDED01E6B94}.Emulation|Any CPU.ActiveCfg = Emulation|Any CPU
		{AF537BDD-6460-4CCA-B894-ADDED01E6B94}.Emulation|Any CPU.Build.0 = Emulation|Any CPU
		{AF537BDD-6460-4CCA-B894-ADDED01E6B94}.Emulation|Mixed Platforms.ActiveCfg = Emulation|x86
		{AF537BDD-6460-4CCA-B894-ADDED01E6B94}.Emulation|Mixed Platforms.Build.0 = Emulation|x86
		{AF537BDD-6460-4CCA-B894-ADDED01E6B94}.Emulation|x86.ActiveCfg = Emulation|x86
		{AF537BDD-6460-4CCA-B894-ADDED01E6B94}.Emulation|x86.Build.0 = Emulation|x86
		{AF537BDD-6460-4CCA-B894-ADDED01E6B94}.Local|Any CPU.ActiveCfg = Local|Any CPU
		{AF537BDD-6460-4CCA-B894-ADDED01E6B94}.Local|Any CPU.Build.0 = Local|Any CPU
		{AF537BDD-6460-4CCA-B894-ADDED01E6B94}.Local|Mixed Platforms.ActiveCfg = Local|x86
		{AF537BDD-6460-4CCA-B894-ADDED01E6B94}.Local|Mixed Platforms.Build.0 = Local|x86
		{AF537BDD-6460-4CCA-B894-ADDED01E6B94}.Local|x86.ActiveCfg = Local|x86
		{AF537BDD-6460-4CCA-B894-ADDED01E6B94}.Local|x86.Build.0 = Local|x86
		{AF537BDD-6460-4CCA-B894-ADDED01E6B94}.Release|Any CPU.ActiveCfg = Release|Any CPU
		{AF537BDD-6460-4CCA-B894-ADDED01E6B94}.Release|Any CPU.Build.0 = Release|Any CPU
		{AF537BDD-6460-4CCA-B894-ADDED01E6B94}.Release|Mixed Platforms.ActiveCfg = Release|x86
		{AF537BDD-6460-4CCA-B894-ADDED01E6B94}.Release|Mixed Platforms.Build.0 = Release|x86
		{AF537BDD-6460-4CCA-B894-ADDED01E6B94}.Release|x86.ActiveCfg = Release|x86
		{AF537BDD-6460-4CCA-B894-ADDED01E6B94}.Release|x86.Build.0 = Release|x86
		{AF537BDD-6460-4CCA-B894-ADDED01E6B94}.Sctu|Any CPU.ActiveCfg = Sctu|Any CPU
		{AF537BDD-6460-4CCA-B894-ADDED01E6B94}.Sctu|Any CPU.Build.0 = Sctu|Any CPU
		{AF537BDD-6460-4CCA-B894-ADDED01E6B94}.Sctu|Mixed Platforms.ActiveCfg = Sctu|x86
		{AF537BDD-6460-4CCA-B894-ADDED01E6B94}.Sctu|Mixed Platforms.Build.0 = Sctu|x86
		{AF537BDD-6460-4CCA-B894-ADDED01E6B94}.Sctu|x86.ActiveCfg = Sctu|x86
		{AF537BDD-6460-4CCA-B894-ADDED01E6B94}.Sctu|x86.Build.0 = Sctu|x86
		{639B3BBE-C4E7-4036-AE98-7C70A69C23E5}.Debug|Any CPU.ActiveCfg = Debug|Any CPU
		{639B3BBE-C4E7-4036-AE98-7C70A69C23E5}.Debug|Any CPU.Build.0 = Debug|Any CPU
		{639B3BBE-C4E7-4036-AE98-7C70A69C23E5}.Debug|Mixed Platforms.ActiveCfg = Debug|x86
		{639B3BBE-C4E7-4036-AE98-7C70A69C23E5}.Debug|Mixed Platforms.Build.0 = Debug|x86
		{639B3BBE-C4E7-4036-AE98-7C70A69C23E5}.Debug|x86.ActiveCfg = Debug|x86
		{639B3BBE-C4E7-4036-AE98-7C70A69C23E5}.Debug|x86.Build.0 = Debug|x86
		{639B3BBE-C4E7-4036-AE98-7C70A69C23E5}.Emulation|Any CPU.ActiveCfg = Emulation|Any CPU
		{639B3BBE-C4E7-4036-AE98-7C70A69C23E5}.Emulation|Any CPU.Build.0 = Emulation|Any CPU
		{639B3BBE-C4E7-4036-AE98-7C70A69C23E5}.Emulation|Mixed Platforms.ActiveCfg = Emulation|x86
		{639B3BBE-C4E7-4036-AE98-7C70A69C23E5}.Emulation|Mixed Platforms.Build.0 = Emulation|x86
		{639B3BBE-C4E7-4036-AE98-7C70A69C23E5}.Emulation|x86.ActiveCfg = Emulation|x86
		{639B3BBE-C4E7-4036-AE98-7C70A69C23E5}.Emulation|x86.Build.0 = Emulation|x86
		{639B3BBE-C4E7-4036-AE98-7C70A69C23E5}.Local|Any CPU.ActiveCfg = Local|Any CPU
		{639B3BBE-C4E7-4036-AE98-7C70A69C23E5}.Local|Any CPU.Build.0 = Local|Any CPU
		{639B3BBE-C4E7-4036-AE98-7C70A69C23E5}.Local|Mixed Platforms.ActiveCfg = Local|x86
		{639B3BBE-C4E7-4036-AE98-7C70A69C23E5}.Local|Mixed Platforms.Build.0 = Local|x86
		{639B3BBE-C4E7-4036-AE98-7C70A69C23E5}.Local|x86.ActiveCfg = Local|x86
		{639B3BBE-C4E7-4036-AE98-7C70A69C23E5}.Local|x86.Build.0 = Local|x86
		{639B3BBE-C4E7-4036-AE98-7C70A69C23E5}.Release|Any CPU.ActiveCfg = Release|Any CPU
		{639B3BBE-C4E7-4036-AE98-7C70A69C23E5}.Release|Any CPU.Build.0 = Release|Any CPU
		{639B3BBE-C4E7-4036-AE98-7C70A69C23E5}.Release|Mixed Platforms.ActiveCfg = Release|x86
		{639B3BBE-C4E7-4036-AE98-7C70A69C23E5}.Release|Mixed Platforms.Build.0 = Release|x86
		{639B3BBE-C4E7-4036-AE98-7C70A69C23E5}.Release|x86.ActiveCfg = Release|x86
		{639B3BBE-C4E7-4036-AE98-7C70A69C23E5}.Release|x86.Build.0 = Release|x86
		{639B3BBE-C4E7-4036-AE98-7C70A69C23E5}.Sctu|Any CPU.ActiveCfg = Sctu|Any CPU
		{639B3BBE-C4E7-4036-AE98-7C70A69C23E5}.Sctu|Any CPU.Build.0 = Sctu|Any CPU
		{639B3BBE-C4E7-4036-AE98-7C70A69C23E5}.Sctu|Mixed Platforms.ActiveCfg = Sctu|x86
		{639B3BBE-C4E7-4036-AE98-7C70A69C23E5}.Sctu|Mixed Platforms.Build.0 = Sctu|x86
		{639B3BBE-C4E7-4036-AE98-7C70A69C23E5}.Sctu|x86.ActiveCfg = Sctu|x86
		{639B3BBE-C4E7-4036-AE98-7C70A69C23E5}.Sctu|x86.Build.0 = Sctu|x86
		{CDEE465E-8961-4D91-92FC-DA2615683951}.Debug|Any CPU.ActiveCfg = Debug|Any CPU
		{CDEE465E-8961-4D91-92FC-DA2615683951}.Debug|Any CPU.Build.0 = Debug|Any CPU
		{CDEE465E-8961-4D91-92FC-DA2615683951}.Debug|Mixed Platforms.ActiveCfg = Debug|x86
		{CDEE465E-8961-4D91-92FC-DA2615683951}.Debug|Mixed Platforms.Build.0 = Debug|x86
		{CDEE465E-8961-4D91-92FC-DA2615683951}.Debug|x86.ActiveCfg = Debug|x86
		{CDEE465E-8961-4D91-92FC-DA2615683951}.Debug|x86.Build.0 = Debug|x86
		{CDEE465E-8961-4D91-92FC-DA2615683951}.Emulation|Any CPU.ActiveCfg = Emulation|Any CPU
		{CDEE465E-8961-4D91-92FC-DA2615683951}.Emulation|Any CPU.Build.0 = Emulation|Any CPU
		{CDEE465E-8961-4D91-92FC-DA2615683951}.Emulation|Mixed Platforms.ActiveCfg = Emulation|x86
		{CDEE465E-8961-4D91-92FC-DA2615683951}.Emulation|Mixed Platforms.Build.0 = Emulation|x86
		{CDEE465E-8961-4D91-92FC-DA2615683951}.Emulation|x86.ActiveCfg = Emulation|x86
		{CDEE465E-8961-4D91-92FC-DA2615683951}.Emulation|x86.Build.0 = Emulation|x86
		{CDEE465E-8961-4D91-92FC-DA2615683951}.Local|Any CPU.ActiveCfg = Local|Any CPU
		{CDEE465E-8961-4D91-92FC-DA2615683951}.Local|Any CPU.Build.0 = Local|Any CPU
		{CDEE465E-8961-4D91-92FC-DA2615683951}.Local|Mixed Platforms.ActiveCfg = Local|x86
		{CDEE465E-8961-4D91-92FC-DA2615683951}.Local|Mixed Platforms.Build.0 = Local|x86
		{CDEE465E-8961-4D91-92FC-DA2615683951}.Local|x86.ActiveCfg = Local|x86
		{CDEE465E-8961-4D91-92FC-DA2615683951}.Local|x86.Build.0 = Local|x86
		{CDEE465E-8961-4D91-92FC-DA2615683951}.Release|Any CPU.ActiveCfg = Release|Any CPU
		{CDEE465E-8961-4D91-92FC-DA2615683951}.Release|Any CPU.Build.0 = Release|Any CPU
		{CDEE465E-8961-4D91-92FC-DA2615683951}.Release|Mixed Platforms.ActiveCfg = Release|x86
		{CDEE465E-8961-4D91-92FC-DA2615683951}.Release|Mixed Platforms.Build.0 = Release|x86
		{CDEE465E-8961-4D91-92FC-DA2615683951}.Release|x86.ActiveCfg = Release|x86
		{CDEE465E-8961-4D91-92FC-DA2615683951}.Release|x86.Build.0 = Release|x86
		{CDEE465E-8961-4D91-92FC-DA2615683951}.Sctu|Any CPU.ActiveCfg = Sctu|Any CPU
		{CDEE465E-8961-4D91-92FC-DA2615683951}.Sctu|Any CPU.Build.0 = Sctu|Any CPU
		{CDEE465E-8961-4D91-92FC-DA2615683951}.Sctu|Mixed Platforms.ActiveCfg = Sctu|x86
		{CDEE465E-8961-4D91-92FC-DA2615683951}.Sctu|Mixed Platforms.Build.0 = Sctu|x86
		{CDEE465E-8961-4D91-92FC-DA2615683951}.Sctu|x86.ActiveCfg = Sctu|x86
		{CDEE465E-8961-4D91-92FC-DA2615683951}.Sctu|x86.Build.0 = Sctu|x86
		{23B7149E-3F45-4D40-BE6F-1B6F031A0FB6}.Debug|Any CPU.ActiveCfg = Debug|Any CPU
		{23B7149E-3F45-4D40-BE6F-1B6F031A0FB6}.Debug|Any CPU.Build.0 = Debug|Any CPU
		{23B7149E-3F45-4D40-BE6F-1B6F031A0FB6}.Debug|Mixed Platforms.ActiveCfg = Debug|x86
		{23B7149E-3F45-4D40-BE6F-1B6F031A0FB6}.Debug|Mixed Platforms.Build.0 = Debug|x86
		{23B7149E-3F45-4D40-BE6F-1B6F031A0FB6}.Debug|x86.ActiveCfg = Debug|x86
		{23B7149E-3F45-4D40-BE6F-1B6F031A0FB6}.Debug|x86.Build.0 = Debug|x86
		{23B7149E-3F45-4D40-BE6F-1B6F031A0FB6}.Emulation|Any CPU.ActiveCfg = Emulation|Any CPU
		{23B7149E-3F45-4D40-BE6F-1B6F031A0FB6}.Emulation|Any CPU.Build.0 = Emulation|Any CPU
		{23B7149E-3F45-4D40-BE6F-1B6F031A0FB6}.Emulation|Mixed Platforms.ActiveCfg = Emulation|x86
		{23B7149E-3F45-4D40-BE6F-1B6F031A0FB6}.Emulation|Mixed Platforms.Build.0 = Emulation|x86
		{23B7149E-3F45-4D40-BE6F-1B6F031A0FB6}.Emulation|x86.ActiveCfg = Emulation|x86
		{23B7149E-3F45-4D40-BE6F-1B6F031A0FB6}.Emulation|x86.Build.0 = Emulation|x86
		{23B7149E-3F45-4D40-BE6F-1B6F031A0FB6}.Local|Any CPU.ActiveCfg = Local|Any CPU
		{23B7149E-3F45-4D40-BE6F-1B6F031A0FB6}.Local|Any CPU.Build.0 = Local|Any CPU
		{23B7149E-3F45-4D40-BE6F-1B6F031A0FB6}.Local|Mixed Platforms.ActiveCfg = Local|x86
		{23B7149E-3F45-4D40-BE6F-1B6F031A0FB6}.Local|Mixed Platforms.Build.0 = Local|x86
		{23B7149E-3F45-4D40-BE6F-1B6F031A0FB6}.Local|x86.ActiveCfg = Local|x86
		{23B7149E-3F45-4D40-BE6F-1B6F031A0FB6}.Local|x86.Build.0 = Local|x86
		{23B7149E-3F45-4D40-BE6F-1B6F031A0FB6}.Release|Any CPU.ActiveCfg = Release|Any CPU
		{23B7149E-3F45-4D40-BE6F-1B6F031A0FB6}.Release|Any CPU.Build.0 = Release|Any CPU
		{23B7149E-3F45-4D40-BE6F-1B6F031A0FB6}.Release|Mixed Platforms.ActiveCfg = Release|x86
		{23B7149E-3F45-4D40-BE6F-1B6F031A0FB6}.Release|Mixed Platforms.Build.0 = Release|x86
		{23B7149E-3F45-4D40-BE6F-1B6F031A0FB6}.Release|x86.ActiveCfg = Release|x86
		{23B7149E-3F45-4D40-BE6F-1B6F031A0FB6}.Release|x86.Build.0 = Release|x86
		{23B7149E-3F45-4D40-BE6F-1B6F031A0FB6}.Sctu|Any CPU.ActiveCfg = Sctu|Any CPU
		{23B7149E-3F45-4D40-BE6F-1B6F031A0FB6}.Sctu|Any CPU.Build.0 = Sctu|Any CPU
		{23B7149E-3F45-4D40-BE6F-1B6F031A0FB6}.Sctu|Mixed Platforms.ActiveCfg = Sctu|x86
		{23B7149E-3F45-4D40-BE6F-1B6F031A0FB6}.Sctu|Mixed Platforms.Build.0 = Sctu|x86
		{23B7149E-3F45-4D40-BE6F-1B6F031A0FB6}.Sctu|x86.ActiveCfg = Sctu|x86
		{CDCDCED9-25B4-4549-9987-911AA2D9E3FE}.Debug|Any CPU.ActiveCfg = Debug|Any CPU
		{CDCDCED9-25B4-4549-9987-911AA2D9E3FE}.Debug|Any CPU.Build.0 = Debug|Any CPU
		{CDCDCED9-25B4-4549-9987-911AA2D9E3FE}.Debug|Mixed Platforms.ActiveCfg = Debug|Any CPU
		{CDCDCED9-25B4-4549-9987-911AA2D9E3FE}.Debug|Mixed Platforms.Build.0 = Debug|Any CPU
		{CDCDCED9-25B4-4549-9987-911AA2D9E3FE}.Debug|x86.ActiveCfg = Debug|Any CPU
		{CDCDCED9-25B4-4549-9987-911AA2D9E3FE}.Emulation|Any CPU.ActiveCfg = Emulation|Any CPU
		{CDCDCED9-25B4-4549-9987-911AA2D9E3FE}.Emulation|Mixed Platforms.ActiveCfg = Emulation|Any CPU
		{CDCDCED9-25B4-4549-9987-911AA2D9E3FE}.Emulation|Mixed Platforms.Build.0 = Emulation|Any CPU
		{CDCDCED9-25B4-4549-9987-911AA2D9E3FE}.Emulation|x86.ActiveCfg = Emulation|Any CPU
		{CDCDCED9-25B4-4549-9987-911AA2D9E3FE}.Emulation|x86.Build.0 = Emulation|Any CPU
		{CDCDCED9-25B4-4549-9987-911AA2D9E3FE}.Local|Any CPU.ActiveCfg = Release|Any CPU
		{CDCDCED9-25B4-4549-9987-911AA2D9E3FE}.Local|Any CPU.Build.0 = Release|Any CPU
		{CDCDCED9-25B4-4549-9987-911AA2D9E3FE}.Local|Mixed Platforms.ActiveCfg = Release|Any CPU
		{CDCDCED9-25B4-4549-9987-911AA2D9E3FE}.Local|Mixed Platforms.Build.0 = Release|Any CPU
		{CDCDCED9-25B4-4549-9987-911AA2D9E3FE}.Local|x86.ActiveCfg = Release|Any CPU
		{CDCDCED9-25B4-4549-9987-911AA2D9E3FE}.Release|Any CPU.ActiveCfg = Release|Any CPU
		{CDCDCED9-25B4-4549-9987-911AA2D9E3FE}.Release|Any CPU.Build.0 = Release|Any CPU
		{CDCDCED9-25B4-4549-9987-911AA2D9E3FE}.Release|Mixed Platforms.ActiveCfg = Release|Any CPU
		{CDCDCED9-25B4-4549-9987-911AA2D9E3FE}.Release|Mixed Platforms.Build.0 = Release|Any CPU
		{CDCDCED9-25B4-4549-9987-911AA2D9E3FE}.Release|x86.ActiveCfg = Release|Any CPU
		{CDCDCED9-25B4-4549-9987-911AA2D9E3FE}.Sctu|Any CPU.ActiveCfg = Sctu|Any CPU
		{CDCDCED9-25B4-4549-9987-911AA2D9E3FE}.Sctu|Mixed Platforms.ActiveCfg = Sctu|Any CPU
		{CDCDCED9-25B4-4549-9987-911AA2D9E3FE}.Sctu|Mixed Platforms.Build.0 = Sctu|Any CPU
		{CDCDCED9-25B4-4549-9987-911AA2D9E3FE}.Sctu|x86.ActiveCfg = Sctu|Any CPU
		{CDCDCED9-25B4-4549-9987-911AA2D9E3FE}.Sctu|x86.Build.0 = Sctu|Any CPU
		{427A0425-947C-4C85-AE91-731CAE71B863}.Debug|Any CPU.ActiveCfg = Debug|Any CPU
		{427A0425-947C-4C85-AE91-731CAE71B863}.Debug|Any CPU.Build.0 = Debug|Any CPU
		{427A0425-947C-4C85-AE91-731CAE71B863}.Debug|Mixed Platforms.ActiveCfg = Debug|Any CPU
		{427A0425-947C-4C85-AE91-731CAE71B863}.Debug|Mixed Platforms.Build.0 = Debug|Any CPU
		{427A0425-947C-4C85-AE91-731CAE71B863}.Debug|x86.ActiveCfg = Debug|Any CPU
		{427A0425-947C-4C85-AE91-731CAE71B863}.Emulation|Any CPU.ActiveCfg = Emulation|Any CPU
		{427A0425-947C-4C85-AE91-731CAE71B863}.Emulation|Mixed Platforms.ActiveCfg = Emulation|Any CPU
		{427A0425-947C-4C85-AE91-731CAE71B863}.Emulation|Mixed Platforms.Build.0 = Emulation|Any CPU
		{427A0425-947C-4C85-AE91-731CAE71B863}.Emulation|x86.ActiveCfg = Emulation|Any CPU
		{427A0425-947C-4C85-AE91-731CAE71B863}.Local|Any CPU.ActiveCfg = Release|Any CPU
		{427A0425-947C-4C85-AE91-731CAE71B863}.Local|Any CPU.Build.0 = Release|Any CPU
		{427A0425-947C-4C85-AE91-731CAE71B863}.Local|Mixed Platforms.ActiveCfg = Release|Any CPU
		{427A0425-947C-4C85-AE91-731CAE71B863}.Local|Mixed Platforms.Build.0 = Release|Any CPU
		{427A0425-947C-4C85-AE91-731CAE71B863}.Local|x86.ActiveCfg = Release|Any CPU
		{427A0425-947C-4C85-AE91-731CAE71B863}.Release|Any CPU.ActiveCfg = Release|Any CPU
		{427A0425-947C-4C85-AE91-731CAE71B863}.Release|Any CPU.Build.0 = Release|Any CPU
		{427A0425-947C-4C85-AE91-731CAE71B863}.Release|Mixed Platforms.ActiveCfg = Release|Any CPU
		{427A0425-947C-4C85-AE91-731CAE71B863}.Release|Mixed Platforms.Build.0 = Release|Any CPU
		{427A0425-947C-4C85-AE91-731CAE71B863}.Release|x86.ActiveCfg = Release|Any CPU
		{427A0425-947C-4C85-AE91-731CAE71B863}.Sctu|Any CPU.ActiveCfg = Sctu|Any CPU
		{427A0425-947C-4C85-AE91-731CAE71B863}.Sctu|Mixed Platforms.ActiveCfg = Sctu|Any CPU
		{427A0425-947C-4C85-AE91-731CAE71B863}.Sctu|Mixed Platforms.Build.0 = Sctu|Any CPU
		{427A0425-947C-4C85-AE91-731CAE71B863}.Sctu|x86.ActiveCfg = Sctu|Any CPU
		{41FAD811-1A7A-4AC2-95E8-6195F905E1C6}.Debug|Any CPU.ActiveCfg = Debug|Any CPU
		{41FAD811-1A7A-4AC2-95E8-6195F905E1C6}.Debug|Any CPU.Build.0 = Debug|Any CPU
		{41FAD811-1A7A-4AC2-95E8-6195F905E1C6}.Debug|Mixed Platforms.ActiveCfg = Debug|Any CPU
		{41FAD811-1A7A-4AC2-95E8-6195F905E1C6}.Debug|Mixed Platforms.Build.0 = Debug|Any CPU
		{41FAD811-1A7A-4AC2-95E8-6195F905E1C6}.Debug|x86.ActiveCfg = Debug|Any CPU
		{41FAD811-1A7A-4AC2-95E8-6195F905E1C6}.Emulation|Any CPU.ActiveCfg = Emulation|Any CPU
		{41FAD811-1A7A-4AC2-95E8-6195F905E1C6}.Emulation|Mixed Platforms.ActiveCfg = Emulation|Any CPU
		{41FAD811-1A7A-4AC2-95E8-6195F905E1C6}.Emulation|Mixed Platforms.Build.0 = Emulation|Any CPU
		{41FAD811-1A7A-4AC2-95E8-6195F905E1C6}.Emulation|x86.ActiveCfg = Emulation|Any CPU
		{41FAD811-1A7A-4AC2-95E8-6195F905E1C6}.Emulation|x86.Build.0 = Emulation|Any CPU
		{41FAD811-1A7A-4AC2-95E8-6195F905E1C6}.Local|Any CPU.ActiveCfg = Release|Any CPU
		{41FAD811-1A7A-4AC2-95E8-6195F905E1C6}.Local|Any CPU.Build.0 = Release|Any CPU
		{41FAD811-1A7A-4AC2-95E8-6195F905E1C6}.Local|Mixed Platforms.ActiveCfg = Release|Any CPU
		{41FAD811-1A7A-4AC2-95E8-6195F905E1C6}.Local|Mixed Platforms.Build.0 = Release|Any CPU
		{41FAD811-1A7A-4AC2-95E8-6195F905E1C6}.Local|x86.ActiveCfg = Release|Any CPU
		{41FAD811-1A7A-4AC2-95E8-6195F905E1C6}.Release|Any CPU.ActiveCfg = Release|Any CPU
		{41FAD811-1A7A-4AC2-95E8-6195F905E1C6}.Release|Any CPU.Build.0 = Release|Any CPU
		{41FAD811-1A7A-4AC2-95E8-6195F905E1C6}.Release|Mixed Platforms.ActiveCfg = Release|Any CPU
		{41FAD811-1A7A-4AC2-95E8-6195F905E1C6}.Release|Mixed Platforms.Build.0 = Release|Any CPU
		{41FAD811-1A7A-4AC2-95E8-6195F905E1C6}.Release|x86.ActiveCfg = Release|Any CPU
		{41FAD811-1A7A-4AC2-95E8-6195F905E1C6}.Sctu|Any CPU.ActiveCfg = Sctu|Any CPU
		{41FAD811-1A7A-4AC2-95E8-6195F905E1C6}.Sctu|Mixed Platforms.ActiveCfg = Sctu|Any CPU
		{41FAD811-1A7A-4AC2-95E8-6195F905E1C6}.Sctu|Mixed Platforms.Build.0 = Sctu|Any CPU
		{41FAD811-1A7A-4AC2-95E8-6195F905E1C6}.Sctu|x86.ActiveCfg = Sctu|Any CPU
		{41FAD811-1A7A-4AC2-95E8-6195F905E1C6}.Sctu|x86.Build.0 = Sctu|Any CPU
		{38C6897D-7AD1-4EA6-BC3B-66332391AFA7}.Debug|Any CPU.ActiveCfg = Debug|Any CPU
		{38C6897D-7AD1-4EA6-BC3B-66332391AFA7}.Debug|Any CPU.Build.0 = Debug|Any CPU
		{38C6897D-7AD1-4EA6-BC3B-66332391AFA7}.Debug|Mixed Platforms.ActiveCfg = Debug|Any CPU
		{38C6897D-7AD1-4EA6-BC3B-66332391AFA7}.Debug|Mixed Platforms.Build.0 = Debug|Any CPU
		{38C6897D-7AD1-4EA6-BC3B-66332391AFA7}.Debug|x86.ActiveCfg = Debug|Any CPU
		{38C6897D-7AD1-4EA6-BC3B-66332391AFA7}.Emulation|Any CPU.ActiveCfg = Emulation|Any CPU
		{38C6897D-7AD1-4EA6-BC3B-66332391AFA7}.Emulation|Any CPU.Build.0 = Emulation|Any CPU
		{38C6897D-7AD1-4EA6-BC3B-66332391AFA7}.Emulation|Mixed Platforms.ActiveCfg = Emulation|x86
		{38C6897D-7AD1-4EA6-BC3B-66332391AFA7}.Emulation|Mixed Platforms.Build.0 = Emulation|x86
		{38C6897D-7AD1-4EA6-BC3B-66332391AFA7}.Emulation|x86.ActiveCfg = Emulation|x86
		{38C6897D-7AD1-4EA6-BC3B-66332391AFA7}.Emulation|x86.Build.0 = Emulation|x86
		{38C6897D-7AD1-4EA6-BC3B-66332391AFA7}.Local|Any CPU.ActiveCfg = Release|Any CPU
		{38C6897D-7AD1-4EA6-BC3B-66332391AFA7}.Local|Any CPU.Build.0 = Release|Any CPU
		{38C6897D-7AD1-4EA6-BC3B-66332391AFA7}.Local|Mixed Platforms.ActiveCfg = Release|Any CPU
		{38C6897D-7AD1-4EA6-BC3B-66332391AFA7}.Local|Mixed Platforms.Build.0 = Release|Any CPU
		{38C6897D-7AD1-4EA6-BC3B-66332391AFA7}.Local|x86.ActiveCfg = Debug|x86
		{38C6897D-7AD1-4EA6-BC3B-66332391AFA7}.Local|x86.Build.0 = Debug|x86
		{38C6897D-7AD1-4EA6-BC3B-66332391AFA7}.Release|Any CPU.ActiveCfg = Release|Any CPU
		{38C6897D-7AD1-4EA6-BC3B-66332391AFA7}.Release|Any CPU.Build.0 = Release|Any CPU
		{38C6897D-7AD1-4EA6-BC3B-66332391AFA7}.Release|Mixed Platforms.ActiveCfg = Release|Any CPU
		{38C6897D-7AD1-4EA6-BC3B-66332391AFA7}.Release|Mixed Platforms.Build.0 = Release|Any CPU
		{38C6897D-7AD1-4EA6-BC3B-66332391AFA7}.Release|x86.ActiveCfg = Release|Any CPU
		{38C6897D-7AD1-4EA6-BC3B-66332391AFA7}.Sctu|Any CPU.ActiveCfg = Sctu|Any CPU
		{38C6897D-7AD1-4EA6-BC3B-66332391AFA7}.Sctu|Mixed Platforms.ActiveCfg = Sctu|x86
		{38C6897D-7AD1-4EA6-BC3B-66332391AFA7}.Sctu|Mixed Platforms.Build.0 = Sctu|x86
		{38C6897D-7AD1-4EA6-BC3B-66332391AFA7}.Sctu|x86.ActiveCfg = Sctu|x86
		{A708F25E-9EC4-4FD6-9593-E13DC0D4A7B3}.Debug|Any CPU.ActiveCfg = Debug|Any CPU
		{A708F25E-9EC4-4FD6-9593-E13DC0D4A7B3}.Debug|Any CPU.Build.0 = Debug|Any CPU
		{A708F25E-9EC4-4FD6-9593-E13DC0D4A7B3}.Debug|Mixed Platforms.ActiveCfg = Debug|Any CPU
		{A708F25E-9EC4-4FD6-9593-E13DC0D4A7B3}.Debug|Mixed Platforms.Build.0 = Debug|Any CPU
		{A708F25E-9EC4-4FD6-9593-E13DC0D4A7B3}.Debug|x86.ActiveCfg = Debug|Any CPU
		{A708F25E-9EC4-4FD6-9593-E13DC0D4A7B3}.Emulation|Any CPU.ActiveCfg = Emulation|Any CPU
		{A708F25E-9EC4-4FD6-9593-E13DC0D4A7B3}.Emulation|Mixed Platforms.ActiveCfg = Emulation|x86
		{A708F25E-9EC4-4FD6-9593-E13DC0D4A7B3}.Emulation|Mixed Platforms.Build.0 = Emulation|x86
		{A708F25E-9EC4-4FD6-9593-E13DC0D4A7B3}.Emulation|x86.ActiveCfg = Emulation|x86
		{A708F25E-9EC4-4FD6-9593-E13DC0D4A7B3}.Emulation|x86.Build.0 = Emulation|x86
		{A708F25E-9EC4-4FD6-9593-E13DC0D4A7B3}.Local|Any CPU.ActiveCfg = Release|Any CPU
		{A708F25E-9EC4-4FD6-9593-E13DC0D4A7B3}.Local|Any CPU.Build.0 = Release|Any CPU
		{A708F25E-9EC4-4FD6-9593-E13DC0D4A7B3}.Local|Mixed Platforms.ActiveCfg = Release|Any CPU
		{A708F25E-9EC4-4FD6-9593-E13DC0D4A7B3}.Local|Mixed Platforms.Build.0 = Release|Any CPU
		{A708F25E-9EC4-4FD6-9593-E13DC0D4A7B3}.Local|x86.ActiveCfg = Release|x86
		{A708F25E-9EC4-4FD6-9593-E13DC0D4A7B3}.Release|Any CPU.ActiveCfg = Release|Any CPU
		{A708F25E-9EC4-4FD6-9593-E13DC0D4A7B3}.Release|Any CPU.Build.0 = Release|Any CPU
		{A708F25E-9EC4-4FD6-9593-E13DC0D4A7B3}.Release|Mixed Platforms.ActiveCfg = Release|Any CPU
		{A708F25E-9EC4-4FD6-9593-E13DC0D4A7B3}.Release|Mixed Platforms.Build.0 = Release|Any CPU
		{A708F25E-9EC4-4FD6-9593-E13DC0D4A7B3}.Release|x86.ActiveCfg = Release|Any CPU
		{A708F25E-9EC4-4FD6-9593-E13DC0D4A7B3}.Sctu|Any CPU.ActiveCfg = Sctu|Any CPU
		{A708F25E-9EC4-4FD6-9593-E13DC0D4A7B3}.Sctu|Mixed Platforms.ActiveCfg = Sctu|x86
		{A708F25E-9EC4-4FD6-9593-E13DC0D4A7B3}.Sctu|Mixed Platforms.Build.0 = Sctu|x86
		{A708F25E-9EC4-4FD6-9593-E13DC0D4A7B3}.Sctu|x86.ActiveCfg = Sctu|x86
		{A0D5D68F-7C46-413A-8B39-C8D92A0831FC}.Debug|Any CPU.ActiveCfg = Debug|Any CPU
		{A0D5D68F-7C46-413A-8B39-C8D92A0831FC}.Debug|Any CPU.Build.0 = Debug|Any CPU
		{A0D5D68F-7C46-413A-8B39-C8D92A0831FC}.Debug|Mixed Platforms.ActiveCfg = Debug|x86
		{A0D5D68F-7C46-413A-8B39-C8D92A0831FC}.Debug|Mixed Platforms.Build.0 = Debug|x86
		{A0D5D68F-7C46-413A-8B39-C8D92A0831FC}.Debug|x86.ActiveCfg = Debug|x86
		{A0D5D68F-7C46-413A-8B39-C8D92A0831FC}.Debug|x86.Build.0 = Debug|x86
		{A0D5D68F-7C46-413A-8B39-C8D92A0831FC}.Emulation|Any CPU.ActiveCfg = Emulation|Any CPU
		{A0D5D68F-7C46-413A-8B39-C8D92A0831FC}.Emulation|Any CPU.Build.0 = Emulation|Any CPU
		{A0D5D68F-7C46-413A-8B39-C8D92A0831FC}.Emulation|Mixed Platforms.ActiveCfg = Emulation|x86
		{A0D5D68F-7C46-413A-8B39-C8D92A0831FC}.Emulation|Mixed Platforms.Build.0 = Emulation|x86
		{A0D5D68F-7C46-413A-8B39-C8D92A0831FC}.Emulation|x86.ActiveCfg = Emulation|x86
		{A0D5D68F-7C46-413A-8B39-C8D92A0831FC}.Emulation|x86.Build.0 = Emulation|x86
		{A0D5D68F-7C46-413A-8B39-C8D92A0831FC}.Local|Any CPU.ActiveCfg = Local|Any CPU
		{A0D5D68F-7C46-413A-8B39-C8D92A0831FC}.Local|Any CPU.Build.0 = Local|Any CPU
		{A0D5D68F-7C46-413A-8B39-C8D92A0831FC}.Local|Mixed Platforms.ActiveCfg = Local|x86
		{A0D5D68F-7C46-413A-8B39-C8D92A0831FC}.Local|Mixed Platforms.Build.0 = Local|x86
		{A0D5D68F-7C46-413A-8B39-C8D92A0831FC}.Local|x86.ActiveCfg = Local|x86
		{A0D5D68F-7C46-413A-8B39-C8D92A0831FC}.Local|x86.Build.0 = Local|x86
		{A0D5D68F-7C46-413A-8B39-C8D92A0831FC}.Release|Any CPU.ActiveCfg = Release|Any CPU
		{A0D5D68F-7C46-413A-8B39-C8D92A0831FC}.Release|Any CPU.Build.0 = Release|Any CPU
		{A0D5D68F-7C46-413A-8B39-C8D92A0831FC}.Release|Mixed Platforms.ActiveCfg = Release|x86
		{A0D5D68F-7C46-413A-8B39-C8D92A0831FC}.Release|Mixed Platforms.Build.0 = Release|x86
		{A0D5D68F-7C46-413A-8B39-C8D92A0831FC}.Release|x86.ActiveCfg = Release|x86
		{A0D5D68F-7C46-413A-8B39-C8D92A0831FC}.Release|x86.Build.0 = Release|x86
		{A0D5D68F-7C46-413A-8B39-C8D92A0831FC}.Sctu|Any CPU.ActiveCfg = Sctu|Any CPU
		{A0D5D68F-7C46-413A-8B39-C8D92A0831FC}.Sctu|Any CPU.Build.0 = Sctu|Any CPU
		{A0D5D68F-7C46-413A-8B39-C8D92A0831FC}.Sctu|Mixed Platforms.ActiveCfg = Sctu|x86
		{A0D5D68F-7C46-413A-8B39-C8D92A0831FC}.Sctu|Mixed Platforms.Build.0 = Sctu|x86
		{A0D5D68F-7C46-413A-8B39-C8D92A0831FC}.Sctu|x86.ActiveCfg = Sctu|x86
		{A0D5D68F-7C46-413A-8B39-C8D92A0831FC}.Sctu|x86.Build.0 = Sctu|x86
	EndGlobalSection
	GlobalSection(SolutionProperties) = preSolution
		HideSolutionNode = FALSE
	EndGlobalSection
EndGlobal
