
Microsoft Visual Studio Solution File, Format Version 12.00
# Visual Studio Version 16
VisualStudioVersion = 16.0.29827.131
MinimumVisualStudioVersion = 10.0.40219.1
Project("{9A19103F-16F7-4668-BE54-9A1E7A4F7556}") = "SCME.Agent", "..\SCME.Agent\SCME.Agent.csproj", "{2457DC3F-91E0-4109-8203-D1AD7C603535}"
EndProject
Project("{9A19103F-16F7-4668-BE54-9A1E7A4F7556}") = "SCME.UpdateServer", "..\SCME.UpdateServer\SCME.UpdateServer.csproj", "{67D26F2D-6D7A-45FB-8A8A-6FCA91A8922F}"
EndProject
Global
	GlobalSection(SolutionConfigurationPlatforms) = preSolution
		Debug|Any CPU = Debug|Any CPU
		Release|Any CPU = Release|Any CPU
	EndGlobalSection
	GlobalSection(ProjectConfigurationPlatforms) = postSolution
		{2457DC3F-91E0-4109-8203-D1AD7C603535}.Debug|Any CPU.ActiveCfg = Debug|Any CPU
		{2457DC3F-91E0-4109-8203-D1AD7C603535}.Debug|Any CPU.Build.0 = Debug|Any CPU
		{2457DC3F-91E0-4109-8203-D1AD7C603535}.Release|Any CPU.ActiveCfg = Release|Any CPU
		{2457DC3F-91E0-4109-8203-D1AD7C603535}.Release|Any CPU.Build.0 = Release|Any CPU
		{67D26F2D-6D7A-45FB-8A8A-6FCA91A8922F}.Debug|Any CPU.ActiveCfg = Debug|Any CPU
		{67D26F2D-6D7A-45FB-8A8A-6FCA91A8922F}.Debug|Any CPU.Build.0 = Debug|Any CPU
		{67D26F2D-6D7A-45FB-8A8A-6FCA91A8922F}.Release|Any CPU.ActiveCfg = Release|Any CPU
		{67D26F2D-6D7A-45FB-8A8A-6FCA91A8922F}.Release|Any CPU.Build.0 = Release|Any CPU
	EndGlobalSection
	GlobalSection(SolutionProperties) = preSolution
		HideSolutionNode = FALSE
	EndGlobalSection
	GlobalSection(ExtensibilityGlobals) = postSolution
		SolutionGuid = {D6BC1553-A5DD-4F11-AF48-456E3D354668}
	EndGlobalSection
EndGlobal
